
Microsoft Visual Studio Solution File, Format Version 12.00
# Visual Studio Version 17
VisualStudioVersion = 17.4.33205.214
MinimumVisualStudioVersion = 10.0.40219.1
Project("{9A19103F-16F7-4668-BE54-9A1E7A4F7556}") = "NetDaemonApps", "NetDaemonApps.csproj", "{37973589-F144-4B9C-B35A-1D776E689F86}"
EndProject
Global
	GlobalSection(SolutionConfigurationPlatforms) = preSolution
		Debug|Any CPU = Debug|Any CPU
		Release|Any CPU = Release|Any CPU
	EndGlobalSection
	GlobalSection(ProjectConfigurationPlatforms) = postSolution
		{37973589-F144-4B9C-B35A-1D776E689F86}.Debug|Any CPU.ActiveCfg = Debug|Any CPU
		{37973589-F144-4B9C-B35A-1D776E689F86}.Debug|Any CPU.Build.0 = Debug|Any CPU
		{37973589-F144-4B9C-B35A-1D776E689F86}.Release|Any CPU.ActiveCfg = Release|Any CPU
		{37973589-F144-4B9C-B35A-1D776E689F86}.Release|Any CPU.Build.0 = Release|Any CPU
	EndGlobalSection
	GlobalSection(SolutionProperties) = preSolution
		HideSolutionNode = FALSE
	EndGlobalSection
	GlobalSection(ExtensibilityGlobals) = postSolution
		SolutionGuid = {B4507205-C8F6-452C-A5B6-3E55C45241E0}
	EndGlobalSection
EndGlobal
